// !$*UTF8*$!
{
	archiveVersion = 1;
	classes = {
	};
	objectVersion = 46;
	objects = {

/* Begin PBXBuildFile section */
		52B078C81B801E620011EE3D /* main.m in Sources */ = {isa = PBXBuildFile; fileRef = 52B078C71B801E620011EE3D /* main.m */; };
		52B078D21B8020660011EE3D /* MyAnimal.m in Sources */ = {isa = PBXBuildFile; fileRef = 52B078CD1B8020660011EE3D /* MyAnimal.m */; };
		52B078D31B8020660011EE3D /* MyBird.m in Sources */ = {isa = PBXBuildFile; fileRef = 52B078CF1B8020660011EE3D /* MyBird.m */; };
		52B078D41B8020660011EE3D /* MyFish.m in Sources */ = {isa = PBXBuildFile; fileRef = 52B078D11B8020660011EE3D /* MyFish.m */; };
/* End PBXBuildFile section */

/* Begin PBXCopyFilesBuildPhase section */
		52B078C21B801E620011EE3D /* CopyFiles */ = {
			isa = PBXCopyFilesBuildPhase;
			buildActionMask = 2147483647;
			dstPath = /usr/share/man/man1/;
			dstSubfolderSpec = 0;
			files = (
			);
			runOnlyForDeploymentPostprocessing = 1;
		};
/* End PBXCopyFilesBuildPhase section */

/* Begin PBXFileReference section */
		52B078C41B801E620011EE3D /* mine */ = {isa = PBXFileReference; explicitFileType = "compiled.mach-o.executable"; includeInIndex = 0; path = mine; sourceTree = BUILT_PRODUCTS_DIR; };
		52B078C71B801E620011EE3D /* main.m */ = {isa = PBXFileReference; lastKnownFileType = sourcecode.c.objc; path = main.m; sourceTree = "<group>"; };
		52B078CC1B8020660011EE3D /* MyAnimal.h */ = {isa = PBXFileReference; fileEncoding = 4; lastKnownFileType = sourcecode.c.h; path = MyAnimal.h; sourceTree = "<group>"; };
		52B078CD1B8020660011EE3D /* MyAnimal.m */ = {isa = PBXFileReference; fileEncoding = 4; lastKnownFileType = sourcecode.c.objc; path = MyAnimal.m; sourceTree = "<group>"; };
		52B078CE1B8020660011EE3D /* MyBird.h */ = {isa = PBXFileReference; fileEncoding = 4; lastKnownFileType = sourcecode.c.h; path = MyBird.h; sourceTree = "<group>"; };
		52B078CF1B8020660011EE3D /* MyBird.m */ = {isa = PBXFileReference; fileEncoding = 4; lastKnownFileType = sourcecode.c.objc; path = MyBird.m; sourceTree = "<group>"; };
		52B078D01B8020660011EE3D /* MyFish.h */ = {isa = PBXFileReference; fileEncoding = 4; lastKnownFileType = sourcecode.c.h; path = MyFish.h; sourceTree = "<group>"; };
		52B078D11B8020660011EE3D /* MyFish.m */ = {isa = PBXFileReference; fileEncoding = 4; lastKnownFileType = sourcecode.c.objc; path = MyFish.m; sourceTree = "<group>"; };
/* End PBXFileReference section */

/* Begin PBXFrameworksBuildPhase section */
		52B078C11B801E620011EE3D /* Frameworks */ = {
			isa = PBXFrameworksBuildPhase;
			buildActionMask = 2147483647;
			files = (
			);
			runOnlyForDeploymentPostprocessing = 0;
		};
/* End PBXFrameworksBuildPhase section */

/* Begin PBXGroup section */
		52B078B21B801CF10011EE3D = {
			isa = PBXGroup;
			children = (
				52B078C61B801E620011EE3D /* mine */,
				52B078C51B801E620011EE3D /* Products */,
			);
			sourceTree = "<group>";
		};
		52B078C51B801E620011EE3D /* Products */ = {
			isa = PBXGroup;
			children = (
				52B078C41B801E620011EE3D /* mine */,
			);
			name = Products;
			sourceTree = "<group>";
		};
		52B078C61B801E620011EE3D /* mine */ = {
			isa = PBXGroup;
			children = (
				52B078CC1B8020660011EE3D /* MyAnimal.h */,
				52B078CD1B8020660011EE3D /* MyAnimal.m */,
				52B078CE1B8020660011EE3D /* MyBird.h */,
				52B078CF1B8020660011EE3D /* MyBird.m */,
				52B078D01B8020660011EE3D /* MyFish.h */,
				52B078D11B8020660011EE3D /* MyFish.m */,
				52B078C71B801E620011EE3D /* main.m */,
			);
			path = mine;
			sourceTree = "<group>";
		};
/* End PBXGroup section */

/* Begin PBXNativeTarget section */
		52B078C31B801E620011EE3D /* mine */ = {
			isa = PBXNativeTarget;
			buildConfigurationList = 52B078C91B801E620011EE3D /* Build configuration list for PBXNativeTarget "mine" */;
			buildPhases = (
				52B078C01B801E620011EE3D /* Sources */,
				52B078C11B801E620011EE3D /* Frameworks */,
				52B078C21B801E620011EE3D /* CopyFiles */,
			);
			buildRules = (
			);
			dependencies = (
			);
			name = mine;
			productName = mine;
			productReference = 52B078C41B801E620011EE3D /* mine */;
			productType = "com.apple.product-type.tool";
		};
/* End PBXNativeTarget section */

/* Begin PBXProject section */
		52B078B31B801CF10011EE3D /* Project object */ = {
			isa = PBXProject;
			attributes = {
				LastUpgradeCheck = 0630;
				TargetAttributes = {
					52B078C31B801E620011EE3D = {
						CreatedOnToolsVersion = 6.3.1;
					};
				};
			};
			buildConfigurationList = 52B078B61B801CF10011EE3D /* Build configuration list for PBXProject "Homework" */;
			compatibilityVersion = "Xcode 3.2";
			developmentRegion = English;
			hasScannedForEncodings = 0;
			knownRegions = (
				en,
			);
			mainGroup = 52B078B21B801CF10011EE3D;
			productRefGroup = 52B078C51B801E620011EE3D /* Products */;
			projectDirPath = "";
			projectRoot = "";
			targets = (
				52B078C31B801E620011EE3D /* mine */,
			);
		};
/* End PBXProject section */

/* Begin PBXSourcesBuildPhase section */
		52B078C01B801E620011EE3D /* Sources */ = {
			isa = PBXSourcesBuildPhase;
			buildActionMask = 2147483647;
			files = (
				52B078C81B801E620011EE3D /* main.m in Sources */,
				52B078D31B8020660011EE3D /* MyBird.m in Sources */,
				52B078D21B8020660011EE3D /* MyAnimal.m in Sources */,
				52B078D41B8020660011EE3D /* MyFish.m in Sources */,
			);
			runOnlyForDeploymentPostprocessing = 0;
		};
/* End PBXSourcesBuildPhase section */

/* Begin XCBuildConfiguration section */
		52B078B71B801CF10011EE3D /* Debug */ = {
			isa = XCBuildConfiguration;
			buildSettings = {
			};
			name = Debug;
		};
		52B078B81B801CF10011EE3D /* Release */ = {
			isa = XCBuildConfiguration;
			buildSettings = {
			};
			name = Release;
		};
		52B078CA1B801E620011EE3D /* Debug */ = {
			isa = XCBuildConfiguration;
			buildSettings = {
				ALWAYS_SEARCH_USER_PATHS = NO;
				CLANG_CXX_LANGUAGE_STANDARD = "gnu++0x";
				CLANG_CXX_LIBRARY = "libc++";
				CLANG_ENABLE_MODULES = YES;
				CLANG_ENABLE_OBJC_ARC = YES;
				CLANG_WARN_BOOL_CONVERSION = YES;
				CLANG_WARN_CONSTANT_CONVERSION = YES;
				CLANG_WARN_DIRECT_OBJC_ISA_USAGE = YES_ERROR;
				CLANG_WARN_EMPTY_BODY = YES;
				CLANG_WARN_ENUM_CONVERSION = YES;
				CLANG_WARN_INT_CONVERSION = YES;
				CLANG_WARN_OBJC_ROOT_CLASS = YES_ERROR;
				CLANG_WARN_UNREACHABLE_CODE = YES;
				CLANG_WARN__DUPLICATE_METHOD_MATCH = YES;
				COPY_PHASE_STRIP = NO;
				DEBUG_INFORMATION_FORMAT = dwarf;
				ENABLE_STRICT_OBJC_MSGSEND = YES;
				GCC_C_LANGUAGE_STANDARD = gnu99;
				GCC_DYNAMIC_NO_PIC = NO;
				GCC_NO_COMMON_BLOCKS = YES;
				GCC_OPTIMIZATION_LEVEL = 0;
				GCC_PREPROCESSOR_DEFINITIONS = (
					"DEBUG=1",
					"$(inherited)",
				);
				GCC_SYMBOLS_PRIVATE_EXTERN = NO;
				GCC_WARN_64_TO_32_BIT_CONVERSION = YES;
				GCC_WARN_ABOUT_RETURN_TYPE = YES_ERROR;
				GCC_WARN_UNDECLARED_SELECTOR = YES;
				GCC_WARN_UNINITIALIZED_AUTOS = YES_AGGRESSIVE;
				GCC_WARN_UNUSED_FUNCTION = YES;
				GCC_WARN_UNUSED_VARIABLE = YES;
				MACOSX_DEPLOYMENT_TARGET = 10.10;
				MTL_ENABLE_DEBUG_INFO = YES;
				ONLY_ACTIVE_ARCH = YES;
				PRODUCT_NAME = "$(TARGET_NAME)";
				SDKROOT = macosx;
			};
			name = Debug;
		};
		52B078CB1B801E620011EE3D /* Release */ = {
			isa = XCBuildConfiguration;
			buildSettings = {
				ALWAYS_SEARCH_USER_PATHS = NO;
				CLANG_CXX_LANGUAGE_STANDARD = "gnu++0x";
				CLANG_CXX_LIBRARY = "libc++";
				CLANG_ENABLE_MODULES = YES;
				CLANG_ENABLE_OBJC_ARC = YES;
				CLANG_WARN_BOOL_CONVERSION = YES;
				CLANG_WARN_CONSTANT_CONVERSION = YES;
				CLANG_WARN_DIRECT_OBJC_ISA_USAGE = YES_ERROR;
				CLANG_WARN_EMPTY_BODY = YES;
				CLANG_WARN_ENUM_CONVERSION = YES;
				CLANG_WARN_INT_CONVERSION = YES;
				CLANG_WARN_OBJC_ROOT_CLASS = YES_ERROR;
				CLANG_WARN_UNREACHABLE_CODE = YES;
				CLANG_WARN__DUPLICATE_METHOD_MATCH = YES;
				COPY_PHASE_STRIP = NO;
				DEBUG_INFORMATION_FORMAT = "dwarf-with-dsym";
				ENABLE_NS_ASSERTIONS = NO;
				ENABLE_STRICT_OBJC_MSGSEND = YES;
				GCC_C_LANGUAGE_STANDARD = gnu99;
				GCC_NO_COMMON_BLOCKS = YES;
				GCC_WARN_64_TO_32_BIT_CONVERSION = YES;
				GCC_WARN_ABOUT_RETURN_TYPE = YES_ERROR;
				GCC_WARN_UNDECLARED_SELECTOR = YES;
				GCC_WARN_UNINITIALIZED_AUTOS = YES_AGGRESSIVE;
				GCC_WARN_UNUSED_FUNCTION = YES;
				GCC_WARN_UNUSED_VARIABLE = YES;
				MACOSX_DEPLOYMENT_TARGET = 10.10;
				MTL_ENABLE_DEBUG_INFO = NO;
				PRODUCT_NAME = "$(TARGET_NAME)";
				SDKROOT = macosx;
			};
			name = Release;
		};
/* End XCBuildConfiguration section */

/* Begin XCConfigurationList section */
		52B078B61B801CF10011EE3D /* Build configuration list for PBXProject "Homework" */ = {
			isa = XCConfigurationList;
			buildConfigurations = (
				52B078B71B801CF10011EE3D /* Debug */,
				52B078B81B801CF10011EE3D /* Release */,
			);
			defaultConfigurationIsVisible = 0;
			defaultConfigurationName = Release;
		};
		52B078C91B801E620011EE3D /* Build configuration list for PBXNativeTarget "mine" */ = {
			isa = XCConfigurationList;
			buildConfigurations = (
				52B078CA1B801E620011EE3D /* Debug */,
				52B078CB1B801E620011EE3D /* Release */,
			);
			defaultConfigurationIsVisible = 0;
		};
/* End XCConfigurationList section */
	};
	rootObject = 52B078B31B801CF10011EE3D /* Project object */;
}
