// !$*UTF8*$!
{
	archiveVersion = 1;
	classes = {
	};
	objectVersion = 46;
	objects = {

/* Begin PBXBuildFile section */
		484B0C6B1B7604C40047EF60 /* main.m in Sources */ = {isa = PBXBuildFile; fileRef = 484B0C6A1B7604C40047EF60 /* main.m */; };
		484B0C731B7605240047EF60 /* WZKAnimal.m in Sources */ = {isa = PBXBuildFile; fileRef = 484B0C721B7605240047EF60 /* WZKAnimal.m */; };
		484B0C761B760F260047EF60 /* WZKBird.m in Sources */ = {isa = PBXBuildFile; fileRef = 484B0C751B760F260047EF60 /* WZKBird.m */; };
		484B0C791B760F670047EF60 /* WZKFish.m in Sources */ = {isa = PBXBuildFile; fileRef = 484B0C781B760F670047EF60 /* WZKFish.m */; };
/* End PBXBuildFile section */

/* Begin PBXCopyFilesBuildPhase section */
		484B0C651B7604C40047EF60 /* CopyFiles */ = {
			isa = PBXCopyFilesBuildPhase;
			buildActionMask = 2147483647;
			dstPath = /usr/share/man/man1/;
			dstSubfolderSpec = 0;
			files = (
			);
			runOnlyForDeploymentPostprocessing = 1;
		};
/* End PBXCopyFilesBuildPhase section */

/* Begin PBXFileReference section */
		484B0C671B7604C40047EF60 /* GeekBandFirstHomeWork */ = {isa = PBXFileReference; explicitFileType = "compiled.mach-o.executable"; includeInIndex = 0; path = GeekBandFirstHomeWork; sourceTree = BUILT_PRODUCTS_DIR; };
		484B0C6A1B7604C40047EF60 /* main.m */ = {isa = PBXFileReference; lastKnownFileType = sourcecode.c.objc; path = main.m; sourceTree = "<group>"; };
		484B0C711B7605240047EF60 /* WZKAnimal.h */ = {isa = PBXFileReference; fileEncoding = 4; lastKnownFileType = sourcecode.c.h; path = WZKAnimal.h; sourceTree = "<group>"; };
		484B0C721B7605240047EF60 /* WZKAnimal.m */ = {isa = PBXFileReference; fileEncoding = 4; lastKnownFileType = sourcecode.c.objc; path = WZKAnimal.m; sourceTree = "<group>"; };
		484B0C741B760F260047EF60 /* WZKBird.h */ = {isa = PBXFileReference; fileEncoding = 4; lastKnownFileType = sourcecode.c.h; path = WZKBird.h; sourceTree = "<group>"; };
		484B0C751B760F260047EF60 /* WZKBird.m */ = {isa = PBXFileReference; fileEncoding = 4; lastKnownFileType = sourcecode.c.objc; path = WZKBird.m; sourceTree = "<group>"; };
		484B0C771B760F670047EF60 /* WZKFish.h */ = {isa = PBXFileReference; fileEncoding = 4; lastKnownFileType = sourcecode.c.h; path = WZKFish.h; sourceTree = "<group>"; };
		484B0C781B760F670047EF60 /* WZKFish.m */ = {isa = PBXFileReference; fileEncoding = 4; lastKnownFileType = sourcecode.c.objc; path = WZKFish.m; sourceTree = "<group>"; };
/* End PBXFileReference section */

/* Begin PBXFrameworksBuildPhase section */
		484B0C641B7604C40047EF60 /* Frameworks */ = {
			isa = PBXFrameworksBuildPhase;
			buildActionMask = 2147483647;
			files = (
			);
			runOnlyForDeploymentPostprocessing = 0;
		};
/* End PBXFrameworksBuildPhase section */

/* Begin PBXGroup section */
		484B0C5E1B7604C40047EF60 = {
			isa = PBXGroup;
			children = (
				484B0C691B7604C40047EF60 /* GeekBandFirstHomeWork */,
				484B0C681B7604C40047EF60 /* Products */,
			);
			sourceTree = "<group>";
		};
		484B0C681B7604C40047EF60 /* Products */ = {
			isa = PBXGroup;
			children = (
				484B0C671B7604C40047EF60 /* GeekBandFirstHomeWork */,
			);
			name = Products;
			sourceTree = "<group>";
		};
		484B0C691B7604C40047EF60 /* GeekBandFirstHomeWork */ = {
			isa = PBXGroup;
			children = (
				484B0C6A1B7604C40047EF60 /* main.m */,
				484B0C711B7605240047EF60 /* WZKAnimal.h */,
				484B0C721B7605240047EF60 /* WZKAnimal.m */,
				484B0C741B760F260047EF60 /* WZKBird.h */,
				484B0C751B760F260047EF60 /* WZKBird.m */,
				484B0C771B760F670047EF60 /* WZKFish.h */,
				484B0C781B760F670047EF60 /* WZKFish.m */,
			);
			path = GeekBandFirstHomeWork;
			sourceTree = "<group>";
		};
/* End PBXGroup section */

/* Begin PBXNativeTarget section */
		484B0C661B7604C40047EF60 /* GeekBandFirstHomeWork */ = {
			isa = PBXNativeTarget;
			buildConfigurationList = 484B0C6E1B7604C40047EF60 /* Build configuration list for PBXNativeTarget "GeekBandFirstHomeWork" */;
			buildPhases = (
				484B0C631B7604C40047EF60 /* Sources */,
				484B0C641B7604C40047EF60 /* Frameworks */,
				484B0C651B7604C40047EF60 /* CopyFiles */,
			);
			buildRules = (
			);
			dependencies = (
			);
			name = GeekBandFirstHomeWork;
			productName = GeekBandFirstHomeWork;
			productReference = 484B0C671B7604C40047EF60 /* GeekBandFirstHomeWork */;
			productType = "com.apple.product-type.tool";
		};
/* End PBXNativeTarget section */

/* Begin PBXProject section */
		484B0C5F1B7604C40047EF60 /* Project object */ = {
			isa = PBXProject;
			attributes = {
				LastUpgradeCheck = 0640;
				ORGANIZATIONNAME = Kevin;
				TargetAttributes = {
					484B0C661B7604C40047EF60 = {
						CreatedOnToolsVersion = 6.4;
					};
				};
			};
			buildConfigurationList = 484B0C621B7604C40047EF60 /* Build configuration list for PBXProject "GeekBandFirstHomeWork" */;
			compatibilityVersion = "Xcode 3.2";
			developmentRegion = English;
			hasScannedForEncodings = 0;
			knownRegions = (
				en,
			);
			mainGroup = 484B0C5E1B7604C40047EF60;
			productRefGroup = 484B0C681B7604C40047EF60 /* Products */;
			projectDirPath = "";
			projectRoot = "";
			targets = (
				484B0C661B7604C40047EF60 /* GeekBandFirstHomeWork */,
			);
		};
/* End PBXProject section */

/* Begin PBXSourcesBuildPhase section */
		484B0C631B7604C40047EF60 /* Sources */ = {
			isa = PBXSourcesBuildPhase;
			buildActionMask = 2147483647;
			files = (
				484B0C761B760F260047EF60 /* WZKBird.m in Sources */,
				484B0C731B7605240047EF60 /* WZKAnimal.m in Sources */,
				484B0C791B760F670047EF60 /* WZKFish.m in Sources */,
				484B0C6B1B7604C40047EF60 /* main.m in Sources */,
			);
			runOnlyForDeploymentPostprocessing = 0;
		};
/* End PBXSourcesBuildPhase section */

/* Begin XCBuildConfiguration section */
		484B0C6C1B7604C40047EF60 /* Debug */ = {
			isa = XCBuildConfiguration;
			buildSettings = {
				ALWAYS_SEARCH_USER_PATHS = NO;
				CLANG_CXX_LANGUAGE_STANDARD = "gnu++0x";
				CLANG_CXX_LIBRARY = "libc++";
				CLANG_ENABLE_MODULES = YES;
				CLANG_ENABLE_OBJC_ARC = NO;
				CLANG_WARN_BOOL_CONVERSION = YES;
				CLANG_WARN_CONSTANT_CONVERSION = YES;
				CLANG_WARN_DIRECT_OBJC_ISA_USAGE = YES_ERROR;
				CLANG_WARN_EMPTY_BODY = YES;
				CLANG_WARN_ENUM_CONVERSION = YES;
				CLANG_WARN_INT_CONVERSION = YES;
				CLANG_WARN_OBJC_ROOT_CLASS = YES_ERROR;
				CLANG_WARN_UNREACHABLE_CODE = YES;
				CLANG_WARN__DUPLICATE_METHOD_MATCH = YES;
				COPY_PHASE_STRIP = NO;
				DEBUG_INFORMATION_FORMAT = dwarf;
				ENABLE_STRICT_OBJC_MSGSEND = YES;
				GCC_C_LANGUAGE_STANDARD = gnu99;
				GCC_DYNAMIC_NO_PIC = NO;
				GCC_NO_COMMON_BLOCKS = YES;
				GCC_OPTIMIZATION_LEVEL = 0;
				GCC_PREPROCESSOR_DEFINITIONS = (
					"DEBUG=1",
					"$(inherited)",
				);
				GCC_SYMBOLS_PRIVATE_EXTERN = NO;
				GCC_WARN_64_TO_32_BIT_CONVERSION = YES;
				GCC_WARN_ABOUT_RETURN_TYPE = YES_ERROR;
				GCC_WARN_UNDECLARED_SELECTOR = YES;
				GCC_WARN_UNINITIALIZED_AUTOS = YES_AGGRESSIVE;
				GCC_WARN_UNUSED_FUNCTION = YES;
				GCC_WARN_UNUSED_VARIABLE = YES;
				MACOSX_DEPLOYMENT_TARGET = 10.10;
				MTL_ENABLE_DEBUG_INFO = YES;
				ONLY_ACTIVE_ARCH = YES;
				SDKROOT = macosx;
			};
			name = Debug;
		};
		484B0C6D1B7604C40047EF60 /* Release */ = {
			isa = XCBuildConfiguration;
			buildSettings = {
				ALWAYS_SEARCH_USER_PATHS = NO;
				CLANG_CXX_LANGUAGE_STANDARD = "gnu++0x";
				CLANG_CXX_LIBRARY = "libc++";
				CLANG_ENABLE_MODULES = YES;
				CLANG_ENABLE_OBJC_ARC = NO;
				CLANG_WARN_BOOL_CONVERSION = YES;
				CLANG_WARN_CONSTANT_CONVERSION = YES;
				CLANG_WARN_DIRECT_OBJC_ISA_USAGE = YES_ERROR;
				CLANG_WARN_EMPTY_BODY = YES;
				CLANG_WARN_ENUM_CONVERSION = YES;
				CLANG_WARN_INT_CONVERSION = YES;
				CLANG_WARN_OBJC_ROOT_CLASS = YES_ERROR;
				CLANG_WARN_UNREACHABLE_CODE = YES;
				CLANG_WARN__DUPLICATE_METHOD_MATCH = YES;
				COPY_PHASE_STRIP = NO;
				DEBUG_INFORMATION_FORMAT = "dwarf-with-dsym";
				ENABLE_NS_ASSERTIONS = NO;
				ENABLE_STRICT_OBJC_MSGSEND = YES;
				GCC_C_LANGUAGE_STANDARD = gnu99;
				GCC_NO_COMMON_BLOCKS = YES;
				GCC_WARN_64_TO_32_BIT_CONVERSION = YES;
				GCC_WARN_ABOUT_RETURN_TYPE = YES_ERROR;
				GCC_WARN_UNDECLARED_SELECTOR = YES;
				GCC_WARN_UNINITIALIZED_AUTOS = YES_AGGRESSIVE;
				GCC_WARN_UNUSED_FUNCTION = YES;
				GCC_WARN_UNUSED_VARIABLE = YES;
				MACOSX_DEPLOYMENT_TARGET = 10.10;
				MTL_ENABLE_DEBUG_INFO = NO;
				SDKROOT = macosx;
			};
			name = Release;
		};
		484B0C6F1B7604C40047EF60 /* Debug */ = {
			isa = XCBuildConfiguration;
			buildSettings = {
				PRODUCT_NAME = "$(TARGET_NAME)";
			};
			name = Debug;
		};
		484B0C701B7604C40047EF60 /* Release */ = {
			isa = XCBuildConfiguration;
			buildSettings = {
				PRODUCT_NAME = "$(TARGET_NAME)";
			};
			name = Release;
		};
/* End XCBuildConfiguration section */

/* Begin XCConfigurationList section */
		484B0C621B7604C40047EF60 /* Build configuration list for PBXProject "GeekBandFirstHomeWork" */ = {
			isa = XCConfigurationList;
			buildConfigurations = (
				484B0C6C1B7604C40047EF60 /* Debug */,
				484B0C6D1B7604C40047EF60 /* Release */,
			);
			defaultConfigurationIsVisible = 0;
			defaultConfigurationName = Release;
		};
		484B0C6E1B7604C40047EF60 /* Build configuration list for PBXNativeTarget "GeekBandFirstHomeWork" */ = {
			isa = XCConfigurationList;
			buildConfigurations = (
				484B0C6F1B7604C40047EF60 /* Debug */,
				484B0C701B7604C40047EF60 /* Release */,
			);
			defaultConfigurationIsVisible = 0;
		};
/* End XCConfigurationList section */
	};
	rootObject = 484B0C5F1B7604C40047EF60 /* Project object */;
}
