// !$*UTF8*$!
{
	archiveVersion = 1;
	classes = {
	};
	objectVersion = 46;
	objects = {

/* Begin PBXBuildFile section */
		1A91ACBA1B76EBA600F721FA /* main.m in Sources */ = {isa = PBXBuildFile; fileRef = 1A91ACB91B76EBA600F721FA /* main.m */; };
		1A91ACBD1B76EBA600F721FA /* AppDelegate.m in Sources */ = {isa = PBXBuildFile; fileRef = 1A91ACBC1B76EBA600F721FA /* AppDelegate.m */; };
		1A91ACC01B76EBA600F721FA /* ViewController.m in Sources */ = {isa = PBXBuildFile; fileRef = 1A91ACBF1B76EBA600F721FA /* ViewController.m */; };
		1A91ACC31B76EBA600F721FA /* Main.storyboard in Resources */ = {isa = PBXBuildFile; fileRef = 1A91ACC11B76EBA600F721FA /* Main.storyboard */; };
		1A91ACC51B76EBA600F721FA /* Assets.xcassets in Resources */ = {isa = PBXBuildFile; fileRef = 1A91ACC41B76EBA600F721FA /* Assets.xcassets */; };
		1A91ACC81B76EBA600F721FA /* LaunchScreen.storyboard in Resources */ = {isa = PBXBuildFile; fileRef = 1A91ACC61B76EBA600F721FA /* LaunchScreen.storyboard */; };
		1A91ACD31B76EBA600F721FA /* CatchingFishesAndBirdsTests.m in Sources */ = {isa = PBXBuildFile; fileRef = 1A91ACD21B76EBA600F721FA /* CatchingFishesAndBirdsTests.m */; };
		1A91ACDE1B76EBA600F721FA /* CatchingFishesAndBirdsUITests.m in Sources */ = {isa = PBXBuildFile; fileRef = 1A91ACDD1B76EBA600F721FA /* CatchingFishesAndBirdsUITests.m */; };
		1A91ACED1B76EBC200F721FA /* Animal.m in Sources */ = {isa = PBXBuildFile; fileRef = 1A91ACEC1B76EBC200F721FA /* Animal.m */; };
		1A91ACF01B76ECBF00F721FA /* Bird.m in Sources */ = {isa = PBXBuildFile; fileRef = 1A91ACEF1B76ECBF00F721FA /* Bird.m */; };
		1A91ACF31B76ED1700F721FA /* Fish.m in Sources */ = {isa = PBXBuildFile; fileRef = 1A91ACF21B76ED1700F721FA /* Fish.m */; };
/* End PBXBuildFile section */

/* Begin PBXContainerItemProxy section */
		1A91ACCF1B76EBA600F721FA /* PBXContainerItemProxy */ = {
			isa = PBXContainerItemProxy;
			containerPortal = 1A91ACAD1B76EBA600F721FA /* Project object */;
			proxyType = 1;
			remoteGlobalIDString = 1A91ACB41B76EBA600F721FA;
			remoteInfo = CatchingFishesAndBirds;
		};
		1A91ACDA1B76EBA600F721FA /* PBXContainerItemProxy */ = {
			isa = PBXContainerItemProxy;
			containerPortal = 1A91ACAD1B76EBA600F721FA /* Project object */;
			proxyType = 1;
			remoteGlobalIDString = 1A91ACB41B76EBA600F721FA;
			remoteInfo = CatchingFishesAndBirds;
		};
/* End PBXContainerItemProxy section */

/* Begin PBXFileReference section */
		1A91ACB51B76EBA600F721FA /* CatchingFishesAndBirds.app */ = {isa = PBXFileReference; explicitFileType = wrapper.application; includeInIndex = 0; path = CatchingFishesAndBirds.app; sourceTree = BUILT_PRODUCTS_DIR; };
		1A91ACB91B76EBA600F721FA /* main.m */ = {isa = PBXFileReference; lastKnownFileType = sourcecode.c.objc; path = main.m; sourceTree = "<group>"; };
		1A91ACBB1B76EBA600F721FA /* AppDelegate.h */ = {isa = PBXFileReference; lastKnownFileType = sourcecode.c.h; path = AppDelegate.h; sourceTree = "<group>"; };
		1A91ACBC1B76EBA600F721FA /* AppDelegate.m */ = {isa = PBXFileReference; lastKnownFileType = sourcecode.c.objc; path = AppDelegate.m; sourceTree = "<group>"; };
		1A91ACBE1B76EBA600F721FA /* ViewController.h */ = {isa = PBXFileReference; lastKnownFileType = sourcecode.c.h; path = ViewController.h; sourceTree = "<group>"; };
		1A91ACBF1B76EBA600F721FA /* ViewController.m */ = {isa = PBXFileReference; lastKnownFileType = sourcecode.c.objc; path = ViewController.m; sourceTree = "<group>"; };
		1A91ACC21B76EBA600F721FA /* Base */ = {isa = PBXFileReference; lastKnownFileType = file.storyboard; name = Base; path = Base.lproj/Main.storyboard; sourceTree = "<group>"; };
		1A91ACC41B76EBA600F721FA /* Assets.xcassets */ = {isa = PBXFileReference; lastKnownFileType = folder.assetcatalog; path = Assets.xcassets; sourceTree = "<group>"; };
		1A91ACC71B76EBA600F721FA /* Base */ = {isa = PBXFileReference; lastKnownFileType = file.storyboard; name = Base; path = Base.lproj/LaunchScreen.storyboard; sourceTree = "<group>"; };
		1A91ACC91B76EBA600F721FA /* Info.plist */ = {isa = PBXFileReference; lastKnownFileType = text.plist.xml; path = Info.plist; sourceTree = "<group>"; };
		1A91ACCE1B76EBA600F721FA /* CatchingFishesAndBirdsTests.xctest */ = {isa = PBXFileReference; explicitFileType = wrapper.cfbundle; includeInIndex = 0; path = CatchingFishesAndBirdsTests.xctest; sourceTree = BUILT_PRODUCTS_DIR; };
		1A91ACD21B76EBA600F721FA /* CatchingFishesAndBirdsTests.m */ = {isa = PBXFileReference; lastKnownFileType = sourcecode.c.objc; path = CatchingFishesAndBirdsTests.m; sourceTree = "<group>"; };
		1A91ACD41B76EBA600F721FA /* Info.plist */ = {isa = PBXFileReference; lastKnownFileType = text.plist.xml; path = Info.plist; sourceTree = "<group>"; };
		1A91ACD91B76EBA600F721FA /* CatchingFishesAndBirdsUITests.xctest */ = {isa = PBXFileReference; explicitFileType = wrapper.cfbundle; includeInIndex = 0; path = CatchingFishesAndBirdsUITests.xctest; sourceTree = BUILT_PRODUCTS_DIR; };
		1A91ACDD1B76EBA600F721FA /* CatchingFishesAndBirdsUITests.m */ = {isa = PBXFileReference; lastKnownFileType = sourcecode.c.objc; path = CatchingFishesAndBirdsUITests.m; sourceTree = "<group>"; };
		1A91ACDF1B76EBA600F721FA /* Info.plist */ = {isa = PBXFileReference; lastKnownFileType = text.plist.xml; path = Info.plist; sourceTree = "<group>"; };
		1A91ACEB1B76EBC200F721FA /* Animal.h */ = {isa = PBXFileReference; fileEncoding = 4; lastKnownFileType = sourcecode.c.h; path = Animal.h; sourceTree = "<group>"; };
		1A91ACEC1B76EBC200F721FA /* Animal.m */ = {isa = PBXFileReference; fileEncoding = 4; lastKnownFileType = sourcecode.c.objc; path = Animal.m; sourceTree = "<group>"; };
		1A91ACEE1B76ECBF00F721FA /* Bird.h */ = {isa = PBXFileReference; fileEncoding = 4; lastKnownFileType = sourcecode.c.h; path = Bird.h; sourceTree = "<group>"; };
		1A91ACEF1B76ECBF00F721FA /* Bird.m */ = {isa = PBXFileReference; fileEncoding = 4; lastKnownFileType = sourcecode.c.objc; path = Bird.m; sourceTree = "<group>"; };
		1A91ACF11B76ED1700F721FA /* Fish.h */ = {isa = PBXFileReference; fileEncoding = 4; lastKnownFileType = sourcecode.c.h; path = Fish.h; sourceTree = "<group>"; };
		1A91ACF21B76ED1700F721FA /* Fish.m */ = {isa = PBXFileReference; fileEncoding = 4; lastKnownFileType = sourcecode.c.objc; path = Fish.m; sourceTree = "<group>"; };
/* End PBXFileReference section */

/* Begin PBXFrameworksBuildPhase section */
		1A91ACB21B76EBA600F721FA /* Frameworks */ = {
			isa = PBXFrameworksBuildPhase;
			buildActionMask = 2147483647;
			files = (
			);
			runOnlyForDeploymentPostprocessing = 0;
		};
		1A91ACCB1B76EBA600F721FA /* Frameworks */ = {
			isa = PBXFrameworksBuildPhase;
			buildActionMask = 2147483647;
			files = (
			);
			runOnlyForDeploymentPostprocessing = 0;
		};
		1A91ACD61B76EBA600F721FA /* Frameworks */ = {
			isa = PBXFrameworksBuildPhase;
			buildActionMask = 2147483647;
			files = (
			);
			runOnlyForDeploymentPostprocessing = 0;
		};
/* End PBXFrameworksBuildPhase section */

/* Begin PBXGroup section */
		1A91ACAC1B76EBA600F721FA = {
			isa = PBXGroup;
			children = (
				1A91ACB71B76EBA600F721FA /* CatchingFishesAndBirds */,
				1A91ACD11B76EBA600F721FA /* CatchingFishesAndBirdsTests */,
				1A91ACDC1B76EBA600F721FA /* CatchingFishesAndBirdsUITests */,
				1A91ACB61B76EBA600F721FA /* Products */,
			);
			sourceTree = "<group>";
		};
		1A91ACB61B76EBA600F721FA /* Products */ = {
			isa = PBXGroup;
			children = (
				1A91ACB51B76EBA600F721FA /* CatchingFishesAndBirds.app */,
				1A91ACCE1B76EBA600F721FA /* CatchingFishesAndBirdsTests.xctest */,
				1A91ACD91B76EBA600F721FA /* CatchingFishesAndBirdsUITests.xctest */,
			);
			name = Products;
			sourceTree = "<group>";
		};
		1A91ACB71B76EBA600F721FA /* CatchingFishesAndBirds */ = {
			isa = PBXGroup;
			children = (
				1A91ACBB1B76EBA600F721FA /* AppDelegate.h */,
				1A91ACBC1B76EBA600F721FA /* AppDelegate.m */,
				1A91ACBE1B76EBA600F721FA /* ViewController.h */,
				1A91ACBF1B76EBA600F721FA /* ViewController.m */,
				1A91ACEB1B76EBC200F721FA /* Animal.h */,
				1A91ACEC1B76EBC200F721FA /* Animal.m */,
				1A91ACEE1B76ECBF00F721FA /* Bird.h */,
				1A91ACEF1B76ECBF00F721FA /* Bird.m */,
				1A91ACF11B76ED1700F721FA /* Fish.h */,
				1A91ACF21B76ED1700F721FA /* Fish.m */,
				1A91ACC11B76EBA600F721FA /* Main.storyboard */,
				1A91ACC41B76EBA600F721FA /* Assets.xcassets */,
				1A91ACC61B76EBA600F721FA /* LaunchScreen.storyboard */,
				1A91ACC91B76EBA600F721FA /* Info.plist */,
				1A91ACB81B76EBA600F721FA /* Supporting Files */,
			);
			path = CatchingFishesAndBirds;
			sourceTree = "<group>";
		};
		1A91ACB81B76EBA600F721FA /* Supporting Files */ = {
			isa = PBXGroup;
			children = (
				1A91ACB91B76EBA600F721FA /* main.m */,
			);
			name = "Supporting Files";
			sourceTree = "<group>";
		};
		1A91ACD11B76EBA600F721FA /* CatchingFishesAndBirdsTests */ = {
			isa = PBXGroup;
			children = (
				1A91ACD21B76EBA600F721FA /* CatchingFishesAndBirdsTests.m */,
				1A91ACD41B76EBA600F721FA /* Info.plist */,
			);
			path = CatchingFishesAndBirdsTests;
			sourceTree = "<group>";
		};
		1A91ACDC1B76EBA600F721FA /* CatchingFishesAndBirdsUITests */ = {
			isa = PBXGroup;
			children = (
				1A91ACDD1B76EBA600F721FA /* CatchingFishesAndBirdsUITests.m */,
				1A91ACDF1B76EBA600F721FA /* Info.plist */,
			);
			path = CatchingFishesAndBirdsUITests;
			sourceTree = "<group>";
		};
/* End PBXGroup section */

/* Begin PBXNativeTarget section */
		1A91ACB41B76EBA600F721FA /* CatchingFishesAndBirds */ = {
			isa = PBXNativeTarget;
			buildConfigurationList = 1A91ACE21B76EBA600F721FA /* Build configuration list for PBXNativeTarget "CatchingFishesAndBirds" */;
			buildPhases = (
				1A91ACB11B76EBA600F721FA /* Sources */,
				1A91ACB21B76EBA600F721FA /* Frameworks */,
				1A91ACB31B76EBA600F721FA /* Resources */,
			);
			buildRules = (
			);
			dependencies = (
			);
			name = CatchingFishesAndBirds;
			productName = CatchingFishesAndBirds;
			productReference = 1A91ACB51B76EBA600F721FA /* CatchingFishesAndBirds.app */;
			productType = "com.apple.product-type.application";
		};
		1A91ACCD1B76EBA600F721FA /* CatchingFishesAndBirdsTests */ = {
			isa = PBXNativeTarget;
			buildConfigurationList = 1A91ACE51B76EBA600F721FA /* Build configuration list for PBXNativeTarget "CatchingFishesAndBirdsTests" */;
			buildPhases = (
				1A91ACCA1B76EBA600F721FA /* Sources */,
				1A91ACCB1B76EBA600F721FA /* Frameworks */,
				1A91ACCC1B76EBA600F721FA /* Resources */,
			);
			buildRules = (
			);
			dependencies = (
				1A91ACD01B76EBA600F721FA /* PBXTargetDependency */,
			);
			name = CatchingFishesAndBirdsTests;
			productName = CatchingFishesAndBirdsTests;
			productReference = 1A91ACCE1B76EBA600F721FA /* CatchingFishesAndBirdsTests.xctest */;
			productType = "com.apple.product-type.bundle.unit-test";
		};
		1A91ACD81B76EBA600F721FA /* CatchingFishesAndBirdsUITests */ = {
			isa = PBXNativeTarget;
			buildConfigurationList = 1A91ACE81B76EBA600F721FA /* Build configuration list for PBXNativeTarget "CatchingFishesAndBirdsUITests" */;
			buildPhases = (
				1A91ACD51B76EBA600F721FA /* Sources */,
				1A91ACD61B76EBA600F721FA /* Frameworks */,
				1A91ACD71B76EBA600F721FA /* Resources */,
			);
			buildRules = (
			);
			dependencies = (
				1A91ACDB1B76EBA600F721FA /* PBXTargetDependency */,
			);
			name = CatchingFishesAndBirdsUITests;
			productName = CatchingFishesAndBirdsUITests;
			productReference = 1A91ACD91B76EBA600F721FA /* CatchingFishesAndBirdsUITests.xctest */;
			productType = "com.apple.product-type.bundle.ui-testing";
		};
/* End PBXNativeTarget section */

/* Begin PBXProject section */
		1A91ACAD1B76EBA600F721FA /* Project object */ = {
			isa = PBXProject;
			attributes = {
				LastUpgradeCheck = 0700;
				ORGANIZATIONNAME = SCNU;
				TargetAttributes = {
					1A91ACB41B76EBA600F721FA = {
						CreatedOnToolsVersion = 7.0;
					};
					1A91ACCD1B76EBA600F721FA = {
						CreatedOnToolsVersion = 7.0;
						TestTargetID = 1A91ACB41B76EBA600F721FA;
					};
					1A91ACD81B76EBA600F721FA = {
						CreatedOnToolsVersion = 7.0;
						TestTargetID = 1A91ACB41B76EBA600F721FA;
					};
				};
			};
			buildConfigurationList = 1A91ACB01B76EBA600F721FA /* Build configuration list for PBXProject "CatchingFishesAndBirds" */;
			compatibilityVersion = "Xcode 3.2";
			developmentRegion = English;
			hasScannedForEncodings = 0;
			knownRegions = (
				en,
				Base,
			);
			mainGroup = 1A91ACAC1B76EBA600F721FA;
			productRefGroup = 1A91ACB61B76EBA600F721FA /* Products */;
			projectDirPath = "";
			projectRoot = "";
			targets = (
				1A91ACB41B76EBA600F721FA /* CatchingFishesAndBirds */,
				1A91ACCD1B76EBA600F721FA /* CatchingFishesAndBirdsTests */,
				1A91ACD81B76EBA600F721FA /* CatchingFishesAndBirdsUITests */,
			);
		};
/* End PBXProject section */

/* Begin PBXResourcesBuildPhase section */
		1A91ACB31B76EBA600F721FA /* Resources */ = {
			isa = PBXResourcesBuildPhase;
			buildActionMask = 2147483647;
			files = (
				1A91ACC81B76EBA600F721FA /* LaunchScreen.storyboard in Resources */,
				1A91ACC51B76EBA600F721FA /* Assets.xcassets in Resources */,
				1A91ACC31B76EBA600F721FA /* Main.storyboard in Resources */,
			);
			runOnlyForDeploymentPostprocessing = 0;
		};
		1A91ACCC1B76EBA600F721FA /* Resources */ = {
			isa = PBXResourcesBuildPhase;
			buildActionMask = 2147483647;
			files = (
			);
			runOnlyForDeploymentPostprocessing = 0;
		};
		1A91ACD71B76EBA600F721FA /* Resources */ = {
			isa = PBXResourcesBuildPhase;
			buildActionMask = 2147483647;
			files = (
			);
			runOnlyForDeploymentPostprocessing = 0;
		};
/* End PBXResourcesBuildPhase section */

/* Begin PBXSourcesBuildPhase section */
		1A91ACB11B76EBA600F721FA /* Sources */ = {
			isa = PBXSourcesBuildPhase;
			buildActionMask = 2147483647;
			files = (
				1A91ACF01B76ECBF00F721FA /* Bird.m in Sources */,
				1A91ACC01B76EBA600F721FA /* ViewController.m in Sources */,
				1A91ACED1B76EBC200F721FA /* Animal.m in Sources */,
				1A91ACF31B76ED1700F721FA /* Fish.m in Sources */,
				1A91ACBD1B76EBA600F721FA /* AppDelegate.m in Sources */,
				1A91ACBA1B76EBA600F721FA /* main.m in Sources */,
			);
			runOnlyForDeploymentPostprocessing = 0;
		};
		1A91ACCA1B76EBA600F721FA /* Sources */ = {
			isa = PBXSourcesBuildPhase;
			buildActionMask = 2147483647;
			files = (
				1A91ACD31B76EBA600F721FA /* CatchingFishesAndBirdsTests.m in Sources */,
			);
			runOnlyForDeploymentPostprocessing = 0;
		};
		1A91ACD51B76EBA600F721FA /* Sources */ = {
			isa = PBXSourcesBuildPhase;
			buildActionMask = 2147483647;
			files = (
				1A91ACDE1B76EBA600F721FA /* CatchingFishesAndBirdsUITests.m in Sources */,
			);
			runOnlyForDeploymentPostprocessing = 0;
		};
/* End PBXSourcesBuildPhase section */

/* Begin PBXTargetDependency section */
		1A91ACD01B76EBA600F721FA /* PBXTargetDependency */ = {
			isa = PBXTargetDependency;
			target = 1A91ACB41B76EBA600F721FA /* CatchingFishesAndBirds */;
			targetProxy = 1A91ACCF1B76EBA600F721FA /* PBXContainerItemProxy */;
		};
		1A91ACDB1B76EBA600F721FA /* PBXTargetDependency */ = {
			isa = PBXTargetDependency;
			target = 1A91ACB41B76EBA600F721FA /* CatchingFishesAndBirds */;
			targetProxy = 1A91ACDA1B76EBA600F721FA /* PBXContainerItemProxy */;
		};
/* End PBXTargetDependency section */

/* Begin PBXVariantGroup section */
		1A91ACC11B76EBA600F721FA /* Main.storyboard */ = {
			isa = PBXVariantGroup;
			children = (
				1A91ACC21B76EBA600F721FA /* Base */,
			);
			name = Main.storyboard;
			sourceTree = "<group>";
		};
		1A91ACC61B76EBA600F721FA /* LaunchScreen.storyboard */ = {
			isa = PBXVariantGroup;
			children = (
				1A91ACC71B76EBA600F721FA /* Base */,
			);
			name = LaunchScreen.storyboard;
			sourceTree = "<group>";
		};
/* End PBXVariantGroup section */

/* Begin XCBuildConfiguration section */
		1A91ACE01B76EBA600F721FA /* Debug */ = {
			isa = XCBuildConfiguration;
			buildSettings = {
				ALWAYS_SEARCH_USER_PATHS = NO;
				CLANG_CXX_LANGUAGE_STANDARD = "gnu++0x";
				CLANG_CXX_LIBRARY = "libc++";
				CLANG_ENABLE_MODULES = YES;
				CLANG_ENABLE_OBJC_ARC = YES;
				CLANG_WARN_BOOL_CONVERSION = YES;
				CLANG_WARN_CONSTANT_CONVERSION = YES;
				CLANG_WARN_DIRECT_OBJC_ISA_USAGE = YES_ERROR;
				CLANG_WARN_EMPTY_BODY = YES;
				CLANG_WARN_ENUM_CONVERSION = YES;
				CLANG_WARN_INT_CONVERSION = YES;
				CLANG_WARN_OBJC_ROOT_CLASS = YES_ERROR;
				CLANG_WARN_UNREACHABLE_CODE = YES;
				CLANG_WARN__DUPLICATE_METHOD_MATCH = YES;
				"CODE_SIGN_IDENTITY[sdk=iphoneos*]" = "iPhone Developer";
				COPY_PHASE_STRIP = NO;
				DEBUG_INFORMATION_FORMAT = dwarf;
				ENABLE_STRICT_OBJC_MSGSEND = YES;
				ENABLE_TESTABILITY = YES;
				GCC_C_LANGUAGE_STANDARD = gnu99;
				GCC_DYNAMIC_NO_PIC = NO;
				GCC_NO_COMMON_BLOCKS = YES;
				GCC_OPTIMIZATION_LEVEL = 0;
				GCC_PREPROCESSOR_DEFINITIONS = (
					"DEBUG=1",
					"$(inherited)",
				);
				GCC_WARN_64_TO_32_BIT_CONVERSION = YES;
				GCC_WARN_ABOUT_RETURN_TYPE = YES_ERROR;
				GCC_WARN_UNDECLARED_SELECTOR = YES;
				GCC_WARN_UNINITIALIZED_AUTOS = YES_AGGRESSIVE;
				GCC_WARN_UNUSED_FUNCTION = YES;
				GCC_WARN_UNUSED_VARIABLE = YES;
				IPHONEOS_DEPLOYMENT_TARGET = 9.0;
				MTL_ENABLE_DEBUG_INFO = YES;
				ONLY_ACTIVE_ARCH = YES;
				SDKROOT = iphoneos;
			};
			name = Debug;
		};
		1A91ACE11B76EBA600F721FA /* Release */ = {
			isa = XCBuildConfiguration;
			buildSettings = {
				ALWAYS_SEARCH_USER_PATHS = NO;
				CLANG_CXX_LANGUAGE_STANDARD = "gnu++0x";
				CLANG_CXX_LIBRARY = "libc++";
				CLANG_ENABLE_MODULES = YES;
				CLANG_ENABLE_OBJC_ARC = YES;
				CLANG_WARN_BOOL_CONVERSION = YES;
				CLANG_WARN_CONSTANT_CONVERSION = YES;
				CLANG_WARN_DIRECT_OBJC_ISA_USAGE = YES_ERROR;
				CLANG_WARN_EMPTY_BODY = YES;
				CLANG_WARN_ENUM_CONVERSION = YES;
				CLANG_WARN_INT_CONVERSION = YES;
				CLANG_WARN_OBJC_ROOT_CLASS = YES_ERROR;
				CLANG_WARN_UNREACHABLE_CODE = YES;
				CLANG_WARN__DUPLICATE_METHOD_MATCH = YES;
				"CODE_SIGN_IDENTITY[sdk=iphoneos*]" = "iPhone Developer";
				COPY_PHASE_STRIP = NO;
				DEBUG_INFORMATION_FORMAT = "dwarf-with-dsym";
				ENABLE_NS_ASSERTIONS = NO;
				ENABLE_STRICT_OBJC_MSGSEND = YES;
				GCC_C_LANGUAGE_STANDARD = gnu99;
				GCC_NO_COMMON_BLOCKS = YES;
				GCC_WARN_64_TO_32_BIT_CONVERSION = YES;
				GCC_WARN_ABOUT_RETURN_TYPE = YES_ERROR;
				GCC_WARN_UNDECLARED_SELECTOR = YES;
				GCC_WARN_UNINITIALIZED_AUTOS = YES_AGGRESSIVE;
				GCC_WARN_UNUSED_FUNCTION = YES;
				GCC_WARN_UNUSED_VARIABLE = YES;
				IPHONEOS_DEPLOYMENT_TARGET = 9.0;
				MTL_ENABLE_DEBUG_INFO = NO;
				SDKROOT = iphoneos;
				VALIDATE_PRODUCT = YES;
			};
			name = Release;
		};
		1A91ACE31B76EBA600F721FA /* Debug */ = {
			isa = XCBuildConfiguration;
			buildSettings = {
				ASSETCATALOG_COMPILER_APPICON_NAME = AppIcon;
				INFOPLIST_FILE = CatchingFishesAndBirds/Info.plist;
				LD_RUNPATH_SEARCH_PATHS = "$(inherited) @executable_path/Frameworks";
				PRODUCT_BUNDLE_IDENTIFIER = cn.edu.scnu.CatchingFishesAndBirds;
				PRODUCT_NAME = "$(TARGET_NAME)";
			};
			name = Debug;
		};
		1A91ACE41B76EBA600F721FA /* Release */ = {
			isa = XCBuildConfiguration;
			buildSettings = {
				ASSETCATALOG_COMPILER_APPICON_NAME = AppIcon;
				INFOPLIST_FILE = CatchingFishesAndBirds/Info.plist;
				LD_RUNPATH_SEARCH_PATHS = "$(inherited) @executable_path/Frameworks";
				PRODUCT_BUNDLE_IDENTIFIER = cn.edu.scnu.CatchingFishesAndBirds;
				PRODUCT_NAME = "$(TARGET_NAME)";
			};
			name = Release;
		};
		1A91ACE61B76EBA600F721FA /* Debug */ = {
			isa = XCBuildConfiguration;
			buildSettings = {
				BUNDLE_LOADER = "$(TEST_HOST)";
				INFOPLIST_FILE = CatchingFishesAndBirdsTests/Info.plist;
				LD_RUNPATH_SEARCH_PATHS = "$(inherited) @executable_path/Frameworks @loader_path/Frameworks";
				PRODUCT_BUNDLE_IDENTIFIER = cn.edu.scnu.CatchingFishesAndBirdsTests;
				PRODUCT_NAME = "$(TARGET_NAME)";
				TEST_HOST = "$(BUILT_PRODUCTS_DIR)/CatchingFishesAndBirds.app/CatchingFishesAndBirds";
			};
			name = Debug;
		};
		1A91ACE71B76EBA600F721FA /* Release */ = {
			isa = XCBuildConfiguration;
			buildSettings = {
				BUNDLE_LOADER = "$(TEST_HOST)";
				INFOPLIST_FILE = CatchingFishesAndBirdsTests/Info.plist;
				LD_RUNPATH_SEARCH_PATHS = "$(inherited) @executable_path/Frameworks @loader_path/Frameworks";
				PRODUCT_BUNDLE_IDENTIFIER = cn.edu.scnu.CatchingFishesAndBirdsTests;
				PRODUCT_NAME = "$(TARGET_NAME)";
				TEST_HOST = "$(BUILT_PRODUCTS_DIR)/CatchingFishesAndBirds.app/CatchingFishesAndBirds";
			};
			name = Release;
		};
		1A91ACE91B76EBA600F721FA /* Debug */ = {
			isa = XCBuildConfiguration;
			buildSettings = {
				INFOPLIST_FILE = CatchingFishesAndBirdsUITests/Info.plist;
				LD_RUNPATH_SEARCH_PATHS = "$(inherited) @executable_path/Frameworks @loader_path/Frameworks";
				PRODUCT_BUNDLE_IDENTIFIER = cn.edu.scnu.CatchingFishesAndBirdsUITests;
				PRODUCT_NAME = "$(TARGET_NAME)";
				TEST_TARGET_NAME = CatchingFishesAndBirds;
				USES_XCTRUNNER = YES;
			};
			name = Debug;
		};
		1A91ACEA1B76EBA600F721FA /* Release */ = {
			isa = XCBuildConfiguration;
			buildSettings = {
				INFOPLIST_FILE = CatchingFishesAndBirdsUITests/Info.plist;
				LD_RUNPATH_SEARCH_PATHS = "$(inherited) @executable_path/Frameworks @loader_path/Frameworks";
				PRODUCT_BUNDLE_IDENTIFIER = cn.edu.scnu.CatchingFishesAndBirdsUITests;
				PRODUCT_NAME = "$(TARGET_NAME)";
				TEST_TARGET_NAME = CatchingFishesAndBirds;
				USES_XCTRUNNER = YES;
			};
			name = Release;
		};
/* End XCBuildConfiguration section */

/* Begin XCConfigurationList section */
		1A91ACB01B76EBA600F721FA /* Build configuration list for PBXProject "CatchingFishesAndBirds" */ = {
			isa = XCConfigurationList;
			buildConfigurations = (
				1A91ACE01B76EBA600F721FA /* Debug */,
				1A91ACE11B76EBA600F721FA /* Release */,
			);
			defaultConfigurationIsVisible = 0;
			defaultConfigurationName = Release;
		};
		1A91ACE21B76EBA600F721FA /* Build configuration list for PBXNativeTarget "CatchingFishesAndBirds" */ = {
			isa = XCConfigurationList;
			buildConfigurations = (
				1A91ACE31B76EBA600F721FA /* Debug */,
				1A91ACE41B76EBA600F721FA /* Release */,
			);
			defaultConfigurationIsVisible = 0;
		};
		1A91ACE51B76EBA600F721FA /* Build configuration list for PBXNativeTarget "CatchingFishesAndBirdsTests" */ = {
			isa = XCConfigurationList;
			buildConfigurations = (
				1A91ACE61B76EBA600F721FA /* Debug */,
				1A91ACE71B76EBA600F721FA /* Release */,
			);
			defaultConfigurationIsVisible = 0;
		};
		1A91ACE81B76EBA600F721FA /* Build configuration list for PBXNativeTarget "CatchingFishesAndBirdsUITests" */ = {
			isa = XCConfigurationList;
			buildConfigurations = (
				1A91ACE91B76EBA600F721FA /* Debug */,
				1A91ACEA1B76EBA600F721FA /* Release */,
			);
			defaultConfigurationIsVisible = 0;
		};
/* End XCConfigurationList section */
	};
	rootObject = 1A91ACAD1B76EBA600F721FA /* Project object */;
}
