// !$*UTF8*$!
{
	archiveVersion = 1;
	classes = {
	};
	objectVersion = 46;
	objects = {

/* Begin PBXBuildFile section */
		9453A2C91B773552008C2D63 /* bird.m in Sources */ = {isa = PBXBuildFile; fileRef = 9453A2C81B773552008C2D63 /* bird.m */; };
		94FA07DB1B7725BE00608D12 /* main.m in Sources */ = {isa = PBXBuildFile; fileRef = 94FA07DA1B7725BE00608D12 /* main.m */; };
		94FA07E31B77265100608D12 /* animal.m in Sources */ = {isa = PBXBuildFile; fileRef = 94FA07E21B77265100608D12 /* animal.m */; };
		94FA07E61B772B1800608D12 /* fish.m in Sources */ = {isa = PBXBuildFile; fileRef = 94FA07E51B772B1800608D12 /* fish.m */; };
/* End PBXBuildFile section */

/* Begin PBXCopyFilesBuildPhase section */
		94FA07D51B7725BE00608D12 /* CopyFiles */ = {
			isa = PBXCopyFilesBuildPhase;
			buildActionMask = 2147483647;
			dstPath = /usr/share/man/man1/;
			dstSubfolderSpec = 0;
			files = (
			);
			runOnlyForDeploymentPostprocessing = 1;
		};
/* End PBXCopyFilesBuildPhase section */

/* Begin PBXFileReference section */
		9453A2C71B773552008C2D63 /* bird.h */ = {isa = PBXFileReference; fileEncoding = 4; lastKnownFileType = sourcecode.c.h; path = bird.h; sourceTree = "<group>"; };
		9453A2C81B773552008C2D63 /* bird.m */ = {isa = PBXFileReference; fileEncoding = 4; lastKnownFileType = sourcecode.c.objc; path = bird.m; sourceTree = "<group>"; };
		94FA07D71B7725BE00608D12 /* OC作业 */ = {isa = PBXFileReference; explicitFileType = "compiled.mach-o.executable"; includeInIndex = 0; path = "OC作业"; sourceTree = BUILT_PRODUCTS_DIR; };
		94FA07DA1B7725BE00608D12 /* main.m */ = {isa = PBXFileReference; lastKnownFileType = sourcecode.c.objc; path = main.m; sourceTree = "<group>"; };
		94FA07E11B77265100608D12 /* animal.h */ = {isa = PBXFileReference; fileEncoding = 4; lastKnownFileType = sourcecode.c.h; path = animal.h; sourceTree = "<group>"; };
		94FA07E21B77265100608D12 /* animal.m */ = {isa = PBXFileReference; fileEncoding = 4; lastKnownFileType = sourcecode.c.objc; path = animal.m; sourceTree = "<group>"; };
		94FA07E41B772B1800608D12 /* fish.h */ = {isa = PBXFileReference; fileEncoding = 4; lastKnownFileType = sourcecode.c.h; path = fish.h; sourceTree = "<group>"; };
		94FA07E51B772B1800608D12 /* fish.m */ = {isa = PBXFileReference; fileEncoding = 4; lastKnownFileType = sourcecode.c.objc; path = fish.m; sourceTree = "<group>"; };
/* End PBXFileReference section */

/* Begin PBXFrameworksBuildPhase section */
		94FA07D41B7725BE00608D12 /* Frameworks */ = {
			isa = PBXFrameworksBuildPhase;
			buildActionMask = 2147483647;
			files = (
			);
			runOnlyForDeploymentPostprocessing = 0;
		};
/* End PBXFrameworksBuildPhase section */

/* Begin PBXGroup section */
		94FA07CE1B7725BE00608D12 = {
			isa = PBXGroup;
			children = (
				94FA07D91B7725BE00608D12 /* OC作业 */,
				94FA07D81B7725BE00608D12 /* Products */,
			);
			sourceTree = "<group>";
		};
		94FA07D81B7725BE00608D12 /* Products */ = {
			isa = PBXGroup;
			children = (
				94FA07D71B7725BE00608D12 /* OC作业 */,
			);
			name = Products;
			sourceTree = "<group>";
		};
		94FA07D91B7725BE00608D12 /* OC作业 */ = {
			isa = PBXGroup;
			children = (
				94FA07DA1B7725BE00608D12 /* main.m */,
				94FA07E11B77265100608D12 /* animal.h */,
				94FA07E21B77265100608D12 /* animal.m */,
				94FA07E41B772B1800608D12 /* fish.h */,
				94FA07E51B772B1800608D12 /* fish.m */,
				9453A2C71B773552008C2D63 /* bird.h */,
				9453A2C81B773552008C2D63 /* bird.m */,
			);
			path = "OC作业";
			sourceTree = "<group>";
		};
/* End PBXGroup section */

/* Begin PBXNativeTarget section */
		94FA07D61B7725BE00608D12 /* OC作业 */ = {
			isa = PBXNativeTarget;
			buildConfigurationList = 94FA07DE1B7725BE00608D12 /* Build configuration list for PBXNativeTarget "OC作业" */;
			buildPhases = (
				94FA07D31B7725BE00608D12 /* Sources */,
				94FA07D41B7725BE00608D12 /* Frameworks */,
				94FA07D51B7725BE00608D12 /* CopyFiles */,
			);
			buildRules = (
			);
			dependencies = (
			);
			name = "OC作业";
			productName = "OC作业";
			productReference = 94FA07D71B7725BE00608D12 /* OC作业 */;
			productType = "com.apple.product-type.tool";
		};
/* End PBXNativeTarget section */

/* Begin PBXProject section */
		94FA07CF1B7725BE00608D12 /* Project object */ = {
			isa = PBXProject;
			attributes = {
				LastUpgradeCheck = 0640;
				ORGANIZATIONNAME = Ryan;
				TargetAttributes = {
					94FA07D61B7725BE00608D12 = {
						CreatedOnToolsVersion = 6.4;
					};
				};
			};
			buildConfigurationList = 94FA07D21B7725BE00608D12 /* Build configuration list for PBXProject "OC作业" */;
			compatibilityVersion = "Xcode 3.2";
			developmentRegion = English;
			hasScannedForEncodings = 0;
			knownRegions = (
				en,
			);
			mainGroup = 94FA07CE1B7725BE00608D12;
			productRefGroup = 94FA07D81B7725BE00608D12 /* Products */;
			projectDirPath = "";
			projectRoot = "";
			targets = (
				94FA07D61B7725BE00608D12 /* OC作业 */,
			);
		};
/* End PBXProject section */

/* Begin PBXSourcesBuildPhase section */
		94FA07D31B7725BE00608D12 /* Sources */ = {
			isa = PBXSourcesBuildPhase;
			buildActionMask = 2147483647;
			files = (
				94FA07DB1B7725BE00608D12 /* main.m in Sources */,
				94FA07E31B77265100608D12 /* animal.m in Sources */,
				9453A2C91B773552008C2D63 /* bird.m in Sources */,
				94FA07E61B772B1800608D12 /* fish.m in Sources */,
			);
			runOnlyForDeploymentPostprocessing = 0;
		};
/* End PBXSourcesBuildPhase section */

/* Begin XCBuildConfiguration section */
		94FA07DC1B7725BE00608D12 /* Debug */ = {
			isa = XCBuildConfiguration;
			buildSettings = {
				ALWAYS_SEARCH_USER_PATHS = NO;
				CLANG_CXX_LANGUAGE_STANDARD = "gnu++0x";
				CLANG_CXX_LIBRARY = "libc++";
				CLANG_ENABLE_MODULES = YES;
				CLANG_ENABLE_OBJC_ARC = YES;
				CLANG_WARN_BOOL_CONVERSION = YES;
				CLANG_WARN_CONSTANT_CONVERSION = YES;
				CLANG_WARN_DIRECT_OBJC_ISA_USAGE = YES_ERROR;
				CLANG_WARN_EMPTY_BODY = YES;
				CLANG_WARN_ENUM_CONVERSION = YES;
				CLANG_WARN_INT_CONVERSION = YES;
				CLANG_WARN_OBJC_ROOT_CLASS = YES_ERROR;
				CLANG_WARN_UNREACHABLE_CODE = YES;
				CLANG_WARN__DUPLICATE_METHOD_MATCH = YES;
				COPY_PHASE_STRIP = NO;
				DEBUG_INFORMATION_FORMAT = dwarf;
				ENABLE_STRICT_OBJC_MSGSEND = YES;
				GCC_C_LANGUAGE_STANDARD = gnu99;
				GCC_DYNAMIC_NO_PIC = NO;
				GCC_NO_COMMON_BLOCKS = YES;
				GCC_OPTIMIZATION_LEVEL = 0;
				GCC_PREPROCESSOR_DEFINITIONS = (
					"DEBUG=1",
					"$(inherited)",
				);
				GCC_SYMBOLS_PRIVATE_EXTERN = NO;
				GCC_WARN_64_TO_32_BIT_CONVERSION = YES;
				GCC_WARN_ABOUT_RETURN_TYPE = YES_ERROR;
				GCC_WARN_UNDECLARED_SELECTOR = YES;
				GCC_WARN_UNINITIALIZED_AUTOS = YES_AGGRESSIVE;
				GCC_WARN_UNUSED_FUNCTION = YES;
				GCC_WARN_UNUSED_VARIABLE = YES;
				MACOSX_DEPLOYMENT_TARGET = 10.10;
				MTL_ENABLE_DEBUG_INFO = YES;
				ONLY_ACTIVE_ARCH = YES;
				SDKROOT = macosx;
			};
			name = Debug;
		};
		94FA07DD1B7725BE00608D12 /* Release */ = {
			isa = XCBuildConfiguration;
			buildSettings = {
				ALWAYS_SEARCH_USER_PATHS = NO;
				CLANG_CXX_LANGUAGE_STANDARD = "gnu++0x";
				CLANG_CXX_LIBRARY = "libc++";
				CLANG_ENABLE_MODULES = YES;
				CLANG_ENABLE_OBJC_ARC = YES;
				CLANG_WARN_BOOL_CONVERSION = YES;
				CLANG_WARN_CONSTANT_CONVERSION = YES;
				CLANG_WARN_DIRECT_OBJC_ISA_USAGE = YES_ERROR;
				CLANG_WARN_EMPTY_BODY = YES;
				CLANG_WARN_ENUM_CONVERSION = YES;
				CLANG_WARN_INT_CONVERSION = YES;
				CLANG_WARN_OBJC_ROOT_CLASS = YES_ERROR;
				CLANG_WARN_UNREACHABLE_CODE = YES;
				CLANG_WARN__DUPLICATE_METHOD_MATCH = YES;
				COPY_PHASE_STRIP = NO;
				DEBUG_INFORMATION_FORMAT = "dwarf-with-dsym";
				ENABLE_NS_ASSERTIONS = NO;
				ENABLE_STRICT_OBJC_MSGSEND = YES;
				GCC_C_LANGUAGE_STANDARD = gnu99;
				GCC_NO_COMMON_BLOCKS = YES;
				GCC_WARN_64_TO_32_BIT_CONVERSION = YES;
				GCC_WARN_ABOUT_RETURN_TYPE = YES_ERROR;
				GCC_WARN_UNDECLARED_SELECTOR = YES;
				GCC_WARN_UNINITIALIZED_AUTOS = YES_AGGRESSIVE;
				GCC_WARN_UNUSED_FUNCTION = YES;
				GCC_WARN_UNUSED_VARIABLE = YES;
				MACOSX_DEPLOYMENT_TARGET = 10.10;
				MTL_ENABLE_DEBUG_INFO = NO;
				SDKROOT = macosx;
			};
			name = Release;
		};
		94FA07DF1B7725BE00608D12 /* Debug */ = {
			isa = XCBuildConfiguration;
			buildSettings = {
				PRODUCT_NAME = "$(TARGET_NAME)";
			};
			name = Debug;
		};
		94FA07E01B7725BE00608D12 /* Release */ = {
			isa = XCBuildConfiguration;
			buildSettings = {
				PRODUCT_NAME = "$(TARGET_NAME)";
			};
			name = Release;
		};
/* End XCBuildConfiguration section */

/* Begin XCConfigurationList section */
		94FA07D21B7725BE00608D12 /* Build configuration list for PBXProject "OC作业" */ = {
			isa = XCConfigurationList;
			buildConfigurations = (
				94FA07DC1B7725BE00608D12 /* Debug */,
				94FA07DD1B7725BE00608D12 /* Release */,
			);
			defaultConfigurationIsVisible = 0;
			defaultConfigurationName = Release;
		};
		94FA07DE1B7725BE00608D12 /* Build configuration list for PBXNativeTarget "OC作业" */ = {
			isa = XCConfigurationList;
			buildConfigurations = (
				94FA07DF1B7725BE00608D12 /* Debug */,
				94FA07E01B7725BE00608D12 /* Release */,
			);
			defaultConfigurationIsVisible = 0;
			defaultConfigurationName = Release;
		};
/* End XCConfigurationList section */
	};
	rootObject = 94FA07CF1B7725BE00608D12 /* Project object */;
}
